
Microsoft Visual Studio Solution File, Format Version 12.00
# Visual Studio Version 17
VisualStudioVersion = 17.5.002.0
MinimumVisualStudioVersion = 10.0.40219.1
Project("{9A19103F-16F7-4668-BE54-9A1E7A4F7556}") = "projeto-software-visual", "projeto-software-visual.csproj", "{173786CD-CA7C-45D0-AF5A-58B9D7C32786}"
EndProject
Global
	GlobalSection(SolutionConfigurationPlatforms) = preSolution
		Debug|Any CPU = Debug|Any CPU
		Release|Any CPU = Release|Any CPU
	EndGlobalSection
	GlobalSection(ProjectConfigurationPlatforms) = postSolution
		{173786CD-CA7C-45D0-AF5A-58B9D7C32786}.Debug|Any CPU.ActiveCfg = Debug|Any CPU
		{173786CD-CA7C-45D0-AF5A-58B9D7C32786}.Debug|Any CPU.Build.0 = Debug|Any CPU
		{173786CD-CA7C-45D0-AF5A-58B9D7C32786}.Release|Any CPU.ActiveCfg = Release|Any CPU
		{173786CD-CA7C-45D0-AF5A-58B9D7C32786}.Release|Any CPU.Build.0 = Release|Any CPU
	EndGlobalSection
	GlobalSection(SolutionProperties) = preSolution
		HideSolutionNode = FALSE
	EndGlobalSection
	GlobalSection(ExtensibilityGlobals) = postSolution
		SolutionGuid = {913CFB47-0096-4AC6-BF45-799B7F38464D}
	EndGlobalSection
EndGlobal
